
Microsoft Visual Studio Solution File, Format Version 12.00
# Visual Studio Version 17
VisualStudioVersion = 17.5.33627.172
MinimumVisualStudioVersion = 10.0.40219.1
Project("{9A19103F-16F7-4668-BE54-9A1E7A4F7556}") = "AccountManager", "AccountManager\AccountManager.csproj", "{889309B6-CDAF-455C-B5F4-E068040120B0}"
EndProject
Project("{9A19103F-16F7-4668-BE54-9A1E7A4F7556}") = "AccountManager.Persistence", "AccountManager.Persistence\AccountManager.Persistence.csproj", "{12AD50D4-7EC7-4C7A-9F18-6D1AC58A316D}"
EndProject
Project("{9A19103F-16F7-4668-BE54-9A1E7A4F7556}") = "AccountManager.Domain", "AccountManager.Domain\AccountManager.Domain.csproj", "{611E0BCA-A13E-4C8D-A95A-9FF2B2640A14}"
EndProject
Project("{9A19103F-16F7-4668-BE54-9A1E7A4F7556}") = "AccountManager.Application", "AccountManager.Application\AccountManager.Application.csproj", "{90912039-FD85-43FA-BE89-6B4714CD054C}"
EndProject
Project("{9A19103F-16F7-4668-BE54-9A1E7A4F7556}") = "AccountManager.Tests", "AccountManager.Integration.Tests\AccountManager.Tests.csproj", "{ABF2ED66-95E2-4EAA-90FC-8EF094A1C6D0}"
EndProject
Global
	GlobalSection(SolutionConfigurationPlatforms) = preSolution
		Debug|Any CPU = Debug|Any CPU
		Release|Any CPU = Release|Any CPU
	EndGlobalSection
	GlobalSection(ProjectConfigurationPlatforms) = postSolution
		{889309B6-CDAF-455C-B5F4-E068040120B0}.Debug|Any CPU.ActiveCfg = Debug|Any CPU
		{889309B6-CDAF-455C-B5F4-E068040120B0}.Debug|Any CPU.Build.0 = Debug|Any CPU
		{889309B6-CDAF-455C-B5F4-E068040120B0}.Release|Any CPU.ActiveCfg = Release|Any CPU
		{889309B6-CDAF-455C-B5F4-E068040120B0}.Release|Any CPU.Build.0 = Release|Any CPU
		{12AD50D4-7EC7-4C7A-9F18-6D1AC58A316D}.Debug|Any CPU.ActiveCfg = Debug|Any CPU
		{12AD50D4-7EC7-4C7A-9F18-6D1AC58A316D}.Debug|Any CPU.Build.0 = Debug|Any CPU
		{12AD50D4-7EC7-4C7A-9F18-6D1AC58A316D}.Release|Any CPU.ActiveCfg = Release|Any CPU
		{12AD50D4-7EC7-4C7A-9F18-6D1AC58A316D}.Release|Any CPU.Build.0 = Release|Any CPU
		{611E0BCA-A13E-4C8D-A95A-9FF2B2640A14}.Debug|Any CPU.ActiveCfg = Debug|Any CPU
		{611E0BCA-A13E-4C8D-A95A-9FF2B2640A14}.Debug|Any CPU.Build.0 = Debug|Any CPU
		{611E0BCA-A13E-4C8D-A95A-9FF2B2640A14}.Release|Any CPU.ActiveCfg = Release|Any CPU
		{611E0BCA-A13E-4C8D-A95A-9FF2B2640A14}.Release|Any CPU.Build.0 = Release|Any CPU
		{90912039-FD85-43FA-BE89-6B4714CD054C}.Debug|Any CPU.ActiveCfg = Debug|Any CPU
		{90912039-FD85-43FA-BE89-6B4714CD054C}.Debug|Any CPU.Build.0 = Debug|Any CPU
		{90912039-FD85-43FA-BE89-6B4714CD054C}.Release|Any CPU.ActiveCfg = Release|Any CPU
		{90912039-FD85-43FA-BE89-6B4714CD054C}.Release|Any CPU.Build.0 = Release|Any CPU
		{ABF2ED66-95E2-4EAA-90FC-8EF094A1C6D0}.Debug|Any CPU.ActiveCfg = Debug|Any CPU
		{ABF2ED66-95E2-4EAA-90FC-8EF094A1C6D0}.Debug|Any CPU.Build.0 = Debug|Any CPU
		{ABF2ED66-95E2-4EAA-90FC-8EF094A1C6D0}.Release|Any CPU.ActiveCfg = Release|Any CPU
		{ABF2ED66-95E2-4EAA-90FC-8EF094A1C6D0}.Release|Any CPU.Build.0 = Release|Any CPU
	EndGlobalSection
	GlobalSection(SolutionProperties) = preSolution
		HideSolutionNode = FALSE
	EndGlobalSection
	GlobalSection(ExtensibilityGlobals) = postSolution
		SolutionGuid = {1E80D6D1-C5FD-4819-B8AB-4CC8B30DD6BE}
	EndGlobalSection
EndGlobal
